// !$*UTF8*$!
{
	archiveVersion = 1;
	classes = {
	};
	objectVersion = 50;
	objects = {

/* Begin PBXBuildFile section */
		334449B325CD9BE200F8B959 /* AppDelegate.swift in Sources */ = {isa = PBXBuildFile; fileRef = 334449B225CD9BE200F8B959 /* AppDelegate.swift */; };
		334449B525CD9BE200F8B959 /* SceneDelegate.swift in Sources */ = {isa = PBXBuildFile; fileRef = 334449B425CD9BE200F8B959 /* SceneDelegate.swift */; };
		334449B725CD9BE200F8B959 /* ViewController.swift in Sources */ = {isa = PBXBuildFile; fileRef = 334449B625CD9BE200F8B959 /* ViewController.swift */; };
		334449BA25CD9BE200F8B959 /* Main.storyboard in Resources */ = {isa = PBXBuildFile; fileRef = 334449B825CD9BE200F8B959 /* Main.storyboard */; };
		334449BC25CD9BE400F8B959 /* Assets.xcassets in Resources */ = {isa = PBXBuildFile; fileRef = 334449BB25CD9BE400F8B959 /* Assets.xcassets */; };
		334449BF25CD9BE400F8B959 /* LaunchScreen.storyboard in Resources */ = {isa = PBXBuildFile; fileRef = 334449BD25CD9BE400F8B959 /* LaunchScreen.storyboard */; };
		334449CA25CD9BE400F8B959 /* StopWatchTests.swift in Sources */ = {isa = PBXBuildFile; fileRef = 334449C925CD9BE400F8B959 /* StopWatchTests.swift */; };
		334449D525CD9BE400F8B959 /* StopWatchUITests.swift in Sources */ = {isa = PBXBuildFile; fileRef = 334449D425CD9BE400F8B959 /* StopWatchUITests.swift */; };
/* End PBXBuildFile section */

/* Begin PBXContainerItemProxy section */
		334449C625CD9BE400F8B959 /* PBXContainerItemProxy */ = {
			isa = PBXContainerItemProxy;
			containerPortal = 334449A725CD9BE200F8B959 /* Project object */;
			proxyType = 1;
			remoteGlobalIDString = 334449AE25CD9BE200F8B959;
			remoteInfo = StopWatch;
		};
		334449D125CD9BE400F8B959 /* PBXContainerItemProxy */ = {
			isa = PBXContainerItemProxy;
			containerPortal = 334449A725CD9BE200F8B959 /* Project object */;
			proxyType = 1;
			remoteGlobalIDString = 334449AE25CD9BE200F8B959;
			remoteInfo = StopWatch;
		};
/* End PBXContainerItemProxy section */

/* Begin PBXFileReference section */
		334449AF25CD9BE200F8B959 /* StopWatch.app */ = {isa = PBXFileReference; explicitFileType = wrapper.application; includeInIndex = 0; path = StopWatch.app; sourceTree = BUILT_PRODUCTS_DIR; };
		334449B225CD9BE200F8B959 /* AppDelegate.swift */ = {isa = PBXFileReference; lastKnownFileType = sourcecode.swift; path = AppDelegate.swift; sourceTree = "<group>"; };
		334449B425CD9BE200F8B959 /* SceneDelegate.swift */ = {isa = PBXFileReference; lastKnownFileType = sourcecode.swift; path = SceneDelegate.swift; sourceTree = "<group>"; };
		334449B625CD9BE200F8B959 /* ViewController.swift */ = {isa = PBXFileReference; lastKnownFileType = sourcecode.swift; path = ViewController.swift; sourceTree = "<group>"; };
		334449B925CD9BE200F8B959 /* Base */ = {isa = PBXFileReference; lastKnownFileType = file.storyboard; name = Base; path = Base.lproj/Main.storyboard; sourceTree = "<group>"; };
		334449BB25CD9BE400F8B959 /* Assets.xcassets */ = {isa = PBXFileReference; lastKnownFileType = folder.assetcatalog; path = Assets.xcassets; sourceTree = "<group>"; };
		334449BE25CD9BE400F8B959 /* Base */ = {isa = PBXFileReference; lastKnownFileType = file.storyboard; name = Base; path = Base.lproj/LaunchScreen.storyboard; sourceTree = "<group>"; };
		334449C025CD9BE400F8B959 /* Info.plist */ = {isa = PBXFileReference; lastKnownFileType = text.plist.xml; path = Info.plist; sourceTree = "<group>"; };
		334449C525CD9BE400F8B959 /* StopWatchTests.xctest */ = {isa = PBXFileReference; explicitFileType = wrapper.cfbundle; includeInIndex = 0; path = StopWatchTests.xctest; sourceTree = BUILT_PRODUCTS_DIR; };
		334449C925CD9BE400F8B959 /* StopWatchTests.swift */ = {isa = PBXFileReference; lastKnownFileType = sourcecode.swift; path = StopWatchTests.swift; sourceTree = "<group>"; };
		334449CB25CD9BE400F8B959 /* Info.plist */ = {isa = PBXFileReference; lastKnownFileType = text.plist.xml; path = Info.plist; sourceTree = "<group>"; };
		334449D025CD9BE400F8B959 /* StopWatchUITests.xctest */ = {isa = PBXFileReference; explicitFileType = wrapper.cfbundle; includeInIndex = 0; path = StopWatchUITests.xctest; sourceTree = BUILT_PRODUCTS_DIR; };
		334449D425CD9BE400F8B959 /* StopWatchUITests.swift */ = {isa = PBXFileReference; lastKnownFileType = sourcecode.swift; path = StopWatchUITests.swift; sourceTree = "<group>"; };
		334449D625CD9BE400F8B959 /* Info.plist */ = {isa = PBXFileReference; lastKnownFileType = text.plist.xml; path = Info.plist; sourceTree = "<group>"; };
/* End PBXFileReference section */

/* Begin PBXFrameworksBuildPhase section */
		334449AC25CD9BE200F8B959 /* Frameworks */ = {
			isa = PBXFrameworksBuildPhase;
			buildActionMask = 2147483647;
			files = (
			);
			runOnlyForDeploymentPostprocessing = 0;
		};
		334449C225CD9BE400F8B959 /* Frameworks */ = {
			isa = PBXFrameworksBuildPhase;
			buildActionMask = 2147483647;
			files = (
			);
			runOnlyForDeploymentPostprocessing = 0;
		};
		334449CD25CD9BE400F8B959 /* Frameworks */ = {
			isa = PBXFrameworksBuildPhase;
			buildActionMask = 2147483647;
			files = (
			);
			runOnlyForDeploymentPostprocessing = 0;
		};
/* End PBXFrameworksBuildPhase section */

/* Begin PBXGroup section */
		334449A625CD9BE200F8B959 = {
			isa = PBXGroup;
			children = (
				334449B125CD9BE200F8B959 /* StopWatch */,
				334449C825CD9BE400F8B959 /* StopWatchTests */,
				334449D325CD9BE400F8B959 /* StopWatchUITests */,
				334449B025CD9BE200F8B959 /* Products */,
			);
			sourceTree = "<group>";
		};
		334449B025CD9BE200F8B959 /* Products */ = {
			isa = PBXGroup;
			children = (
				334449AF25CD9BE200F8B959 /* StopWatch.app */,
				334449C525CD9BE400F8B959 /* StopWatchTests.xctest */,
				334449D025CD9BE400F8B959 /* StopWatchUITests.xctest */,
			);
			name = Products;
			sourceTree = "<group>";
		};
		334449B125CD9BE200F8B959 /* StopWatch */ = {
			isa = PBXGroup;
			children = (
				334449B225CD9BE200F8B959 /* AppDelegate.swift */,
				334449B425CD9BE200F8B959 /* SceneDelegate.swift */,
				334449B625CD9BE200F8B959 /* ViewController.swift */,
				334449B825CD9BE200F8B959 /* Main.storyboard */,
				334449BB25CD9BE400F8B959 /* Assets.xcassets */,
				334449BD25CD9BE400F8B959 /* LaunchScreen.storyboard */,
				334449C025CD9BE400F8B959 /* Info.plist */,
			);
			path = StopWatch;
			sourceTree = "<group>";
		};
		334449C825CD9BE400F8B959 /* StopWatchTests */ = {
			isa = PBXGroup;
			children = (
				334449C925CD9BE400F8B959 /* StopWatchTests.swift */,
				334449CB25CD9BE400F8B959 /* Info.plist */,
			);
			path = StopWatchTests;
			sourceTree = "<group>";
		};
		334449D325CD9BE400F8B959 /* StopWatchUITests */ = {
			isa = PBXGroup;
			children = (
				334449D425CD9BE400F8B959 /* StopWatchUITests.swift */,
				334449D625CD9BE400F8B959 /* Info.plist */,
			);
			path = StopWatchUITests;
			sourceTree = "<group>";
		};
/* End PBXGroup section */

/* Begin PBXNativeTarget section */
		334449AE25CD9BE200F8B959 /* StopWatch */ = {
			isa = PBXNativeTarget;
			buildConfigurationList = 334449D925CD9BE400F8B959 /* Build configuration list for PBXNativeTarget "StopWatch" */;
			buildPhases = (
				334449AB25CD9BE200F8B959 /* Sources */,
				334449AC25CD9BE200F8B959 /* Frameworks */,
				334449AD25CD9BE200F8B959 /* Resources */,
			);
			buildRules = (
			);
			dependencies = (
			);
			name = StopWatch;
			productName = StopWatch;
			productReference = 334449AF25CD9BE200F8B959 /* StopWatch.app */;
			productType = "com.apple.product-type.application";
		};
		334449C425CD9BE400F8B959 /* StopWatchTests */ = {
			isa = PBXNativeTarget;
			buildConfigurationList = 334449DC25CD9BE400F8B959 /* Build configuration list for PBXNativeTarget "StopWatchTests" */;
			buildPhases = (
				334449C125CD9BE400F8B959 /* Sources */,
				334449C225CD9BE400F8B959 /* Frameworks */,
				334449C325CD9BE400F8B959 /* Resources */,
			);
			buildRules = (
			);
			dependencies = (
				334449C725CD9BE400F8B959 /* PBXTargetDependency */,
			);
			name = StopWatchTests;
			productName = StopWatchTests;
			productReference = 334449C525CD9BE400F8B959 /* StopWatchTests.xctest */;
			productType = "com.apple.product-type.bundle.unit-test";
		};
		334449CF25CD9BE400F8B959 /* StopWatchUITests */ = {
			isa = PBXNativeTarget;
			buildConfigurationList = 334449DF25CD9BE400F8B959 /* Build configuration list for PBXNativeTarget "StopWatchUITests" */;
			buildPhases = (
				334449CC25CD9BE400F8B959 /* Sources */,
				334449CD25CD9BE400F8B959 /* Frameworks */,
				334449CE25CD9BE400F8B959 /* Resources */,
			);
			buildRules = (
			);
			dependencies = (
				334449D225CD9BE400F8B959 /* PBXTargetDependency */,
			);
			name = StopWatchUITests;
			productName = StopWatchUITests;
			productReference = 334449D025CD9BE400F8B959 /* StopWatchUITests.xctest */;
			productType = "com.apple.product-type.bundle.ui-testing";
		};
/* End PBXNativeTarget section */

/* Begin PBXProject section */
		334449A725CD9BE200F8B959 /* Project object */ = {
			isa = PBXProject;
			attributes = {
				LastSwiftUpdateCheck = 1230;
				LastUpgradeCheck = 1230;
				TargetAttributes = {
					334449AE25CD9BE200F8B959 = {
						CreatedOnToolsVersion = 12.3;
					};
					334449C425CD9BE400F8B959 = {
						CreatedOnToolsVersion = 12.3;
						TestTargetID = 334449AE25CD9BE200F8B959;
					};
					334449CF25CD9BE400F8B959 = {
						CreatedOnToolsVersion = 12.3;
						TestTargetID = 334449AE25CD9BE200F8B959;
					};
				};
			};
			buildConfigurationList = 334449AA25CD9BE200F8B959 /* Build configuration list for PBXProject "StopWatch" */;
			compatibilityVersion = "Xcode 9.3";
			developmentRegion = en;
			hasScannedForEncodings = 0;
			knownRegions = (
				en,
				Base,
			);
			mainGroup = 334449A625CD9BE200F8B959;
			productRefGroup = 334449B025CD9BE200F8B959 /* Products */;
			projectDirPath = "";
			projectRoot = "";
			targets = (
				334449AE25CD9BE200F8B959 /* StopWatch */,
				334449C425CD9BE400F8B959 /* StopWatchTests */,
				334449CF25CD9BE400F8B959 /* StopWatchUITests */,
			);
		};
/* End PBXProject section */

/* Begin PBXResourcesBuildPhase section */
		334449AD25CD9BE200F8B959 /* Resources */ = {
			isa = PBXResourcesBuildPhase;
			buildActionMask = 2147483647;
			files = (
				334449BF25CD9BE400F8B959 /* LaunchScreen.storyboard in Resources */,
				334449BC25CD9BE400F8B959 /* Assets.xcassets in Resources */,
				334449BA25CD9BE200F8B959 /* Main.storyboard in Resources */,
			);
			runOnlyForDeploymentPostprocessing = 0;
		};
		334449C325CD9BE400F8B959 /* Resources */ = {
			isa = PBXResourcesBuildPhase;
			buildActionMask = 2147483647;
			files = (
			);
			runOnlyForDeploymentPostprocessing = 0;
		};
		334449CE25CD9BE400F8B959 /* Resources */ = {
			isa = PBXResourcesBuildPhase;
			buildActionMask = 2147483647;
			files = (
			);
			runOnlyForDeploymentPostprocessing = 0;
		};
/* End PBXResourcesBuildPhase section */

/* Begin PBXSourcesBuildPhase section */
		334449AB25CD9BE200F8B959 /* Sources */ = {
			isa = PBXSourcesBuildPhase;
			buildActionMask = 2147483647;
			files = (
				334449B725CD9BE200F8B959 /* ViewController.swift in Sources */,
				334449B325CD9BE200F8B959 /* AppDelegate.swift in Sources */,
				334449B525CD9BE200F8B959 /* SceneDelegate.swift in Sources */,
			);
			runOnlyForDeploymentPostprocessing = 0;
		};
		334449C125CD9BE400F8B959 /* Sources */ = {
			isa = PBXSourcesBuildPhase;
			buildActionMask = 2147483647;
			files = (
				334449CA25CD9BE400F8B959 /* StopWatchTests.swift in Sources */,
			);
			runOnlyForDeploymentPostprocessing = 0;
		};
		334449CC25CD9BE400F8B959 /* Sources */ = {
			isa = PBXSourcesBuildPhase;
			buildActionMask = 2147483647;
			files = (
				334449D525CD9BE400F8B959 /* StopWatchUITests.swift in Sources */,
			);
			runOnlyForDeploymentPostprocessing = 0;
		};
/* End PBXSourcesBuildPhase section */

/* Begin PBXTargetDependency section */
		334449C725CD9BE400F8B959 /* PBXTargetDependency */ = {
			isa = PBXTargetDependency;
			target = 334449AE25CD9BE200F8B959 /* StopWatch */;
			targetProxy = 334449C625CD9BE400F8B959 /* PBXContainerItemProxy */;
		};
		334449D225CD9BE400F8B959 /* PBXTargetDependency */ = {
			isa = PBXTargetDependency;
			target = 334449AE25CD9BE200F8B959 /* StopWatch */;
			targetProxy = 334449D125CD9BE400F8B959 /* PBXContainerItemProxy */;
		};
/* End PBXTargetDependency section */

/* Begin PBXVariantGroup section */
		334449B825CD9BE200F8B959 /* Main.storyboard */ = {
			isa = PBXVariantGroup;
			children = (
				334449B925CD9BE200F8B959 /* Base */,
			);
			name = Main.storyboard;
			sourceTree = "<group>";
		};
		334449BD25CD9BE400F8B959 /* LaunchScreen.storyboard */ = {
			isa = PBXVariantGroup;
			children = (
				334449BE25CD9BE400F8B959 /* Base */,
			);
			name = LaunchScreen.storyboard;
			sourceTree = "<group>";
		};
/* End PBXVariantGroup section */

/* Begin XCBuildConfiguration section */
		334449D725CD9BE400F8B959 /* Debug */ = {
			isa = XCBuildConfiguration;
			buildSettings = {
				ALWAYS_SEARCH_USER_PATHS = NO;
				CLANG_ANALYZER_NONNULL = YES;
				CLANG_ANALYZER_NUMBER_OBJECT_CONVERSION = YES_AGGRESSIVE;
				CLANG_CXX_LANGUAGE_STANDARD = "gnu++14";
				CLANG_CXX_LIBRARY = "libc++";
				CLANG_ENABLE_MODULES = YES;
				CLANG_ENABLE_OBJC_ARC = YES;
				CLANG_ENABLE_OBJC_WEAK = YES;
				CLANG_WARN_BLOCK_CAPTURE_AUTORELEASING = YES;
				CLANG_WARN_BOOL_CONVERSION = YES;
				CLANG_WARN_COMMA = YES;
				CLANG_WARN_CONSTANT_CONVERSION = YES;
				CLANG_WARN_DEPRECATED_OBJC_IMPLEMENTATIONS = YES;
				CLANG_WARN_DIRECT_OBJC_ISA_USAGE = YES_ERROR;
				CLANG_WARN_DOCUMENTATION_COMMENTS = YES;
				CLANG_WARN_EMPTY_BODY = YES;
				CLANG_WARN_ENUM_CONVERSION = YES;
				CLANG_WARN_INFINITE_RECURSION = YES;
				CLANG_WARN_INT_CONVERSION = YES;
				CLANG_WARN_NON_LITERAL_NULL_CONVERSION = YES;
				CLANG_WARN_OBJC_IMPLICIT_RETAIN_SELF = YES;
				CLANG_WARN_OBJC_LITERAL_CONVERSION = YES;
				CLANG_WARN_OBJC_ROOT_CLASS = YES_ERROR;
				CLANG_WARN_QUOTED_INCLUDE_IN_FRAMEWORK_HEADER = YES;
				CLANG_WARN_RANGE_LOOP_ANALYSIS = YES;
				CLANG_WARN_STRICT_PROTOTYPES = YES;
				CLANG_WARN_SUSPICIOUS_MOVE = YES;
				CLANG_WARN_UNGUARDED_AVAILABILITY = YES_AGGRESSIVE;
				CLANG_WARN_UNREACHABLE_CODE = YES;
				CLANG_WARN__DUPLICATE_METHOD_MATCH = YES;
				COPY_PHASE_STRIP = NO;
				DEBUG_INFORMATION_FORMAT = dwarf;
				ENABLE_STRICT_OBJC_MSGSEND = YES;
				ENABLE_TESTABILITY = YES;
				GCC_C_LANGUAGE_STANDARD = gnu11;
				GCC_DYNAMIC_NO_PIC = NO;
				GCC_NO_COMMON_BLOCKS = YES;
				GCC_OPTIMIZATION_LEVEL = 0;
				GCC_PREPROCESSOR_DEFINITIONS = (
					"DEBUG=1",
					"$(inherited)",
				);
				GCC_WARN_64_TO_32_BIT_CONVERSION = YES;
				GCC_WARN_ABOUT_RETURN_TYPE = YES_ERROR;
				GCC_WARN_UNDECLARED_SELECTOR = YES;
				GCC_WARN_UNINITIALIZED_AUTOS = YES_AGGRESSIVE;
				GCC_WARN_UNUSED_FUNCTION = YES;
				GCC_WARN_UNUSED_VARIABLE = YES;
				IPHONEOS_DEPLOYMENT_TARGET = 14.3;
				MTL_ENABLE_DEBUG_INFO = INCLUDE_SOURCE;
				MTL_FAST_MATH = YES;
				ONLY_ACTIVE_ARCH = YES;
				SDKROOT = iphoneos;
				SWIFT_ACTIVE_COMPILATION_CONDITIONS = DEBUG;
				SWIFT_OPTIMIZATION_LEVEL = "-Onone";
			};
			name = Debug;
		};
		334449D825CD9BE400F8B959 /* Release */ = {
			isa = XCBuildConfiguration;
			buildSettings = {
				ALWAYS_SEARCH_USER_PATHS = NO;
				CLANG_ANALYZER_NONNULL = YES;
				CLANG_ANALYZER_NUMBER_OBJECT_CONVERSION = YES_AGGRESSIVE;
				CLANG_CXX_LANGUAGE_STANDARD = "gnu++14";
				CLANG_CXX_LIBRARY = "libc++";
				CLANG_ENABLE_MODULES = YES;
				CLANG_ENABLE_OBJC_ARC = YES;
				CLANG_ENABLE_OBJC_WEAK = YES;
				CLANG_WARN_BLOCK_CAPTURE_AUTORELEASING = YES;
				CLANG_WARN_BOOL_CONVERSION = YES;
				CLANG_WARN_COMMA = YES;
				CLANG_WARN_CONSTANT_CONVERSION = YES;
				CLANG_WARN_DEPRECATED_OBJC_IMPLEMENTATIONS = YES;
				CLANG_WARN_DIRECT_OBJC_ISA_USAGE = YES_ERROR;
				CLANG_WARN_DOCUMENTATION_COMMENTS = YES;
				CLANG_WARN_EMPTY_BODY = YES;
				CLANG_WARN_ENUM_CONVERSION = YES;
				CLANG_WARN_INFINITE_RECURSION = YES;
				CLANG_WARN_INT_CONVERSION = YES;
				CLANG_WARN_NON_LITERAL_NULL_CONVERSION = YES;
				CLANG_WARN_OBJC_IMPLICIT_RETAIN_SELF = YES;
				CLANG_WARN_OBJC_LITERAL_CONVERSION = YES;
				CLANG_WARN_OBJC_ROOT_CLASS = YES_ERROR;
				CLANG_WARN_QUOTED_INCLUDE_IN_FRAMEWORK_HEADER = YES;
				CLANG_WARN_RANGE_LOOP_ANALYSIS = YES;
				CLANG_WARN_STRICT_PROTOTYPES = YES;
				CLANG_WARN_SUSPICIOUS_MOVE = YES;
				CLANG_WARN_UNGUARDED_AVAILABILITY = YES_AGGRESSIVE;
				CLANG_WARN_UNREACHABLE_CODE = YES;
				CLANG_WARN__DUPLICATE_METHOD_MATCH = YES;
				COPY_PHASE_STRIP = NO;
				DEBUG_INFORMATION_FORMAT = "dwarf-with-dsym";
				ENABLE_NS_ASSERTIONS = NO;
				ENABLE_STRICT_OBJC_MSGSEND = YES;
				GCC_C_LANGUAGE_STANDARD = gnu11;
				GCC_NO_COMMON_BLOCKS = YES;
				GCC_WARN_64_TO_32_BIT_CONVERSION = YES;
				GCC_WARN_ABOUT_RETURN_TYPE = YES_ERROR;
				GCC_WARN_UNDECLARED_SELECTOR = YES;
				GCC_WARN_UNINITIALIZED_AUTOS = YES_AGGRESSIVE;
				GCC_WARN_UNUSED_FUNCTION = YES;
				GCC_WARN_UNUSED_VARIABLE = YES;
				IPHONEOS_DEPLOYMENT_TARGET = 14.3;
				MTL_ENABLE_DEBUG_INFO = NO;
				MTL_FAST_MATH = YES;
				SDKROOT = iphoneos;
				SWIFT_COMPILATION_MODE = wholemodule;
				SWIFT_OPTIMIZATION_LEVEL = "-O";
				VALIDATE_PRODUCT = YES;
			};
			name = Release;
		};
		334449DA25CD9BE400F8B959 /* Debug */ = {
			isa = XCBuildConfiguration;
			buildSettings = {
				ASSETCATALOG_COMPILER_APPICON_NAME = AppIcon;
				ASSETCATALOG_COMPILER_GLOBAL_ACCENT_COLOR_NAME = AccentColor;
				CODE_SIGN_STYLE = Automatic;
				INFOPLIST_FILE = StopWatch/Info.plist;
				LD_RUNPATH_SEARCH_PATHS = (
					"$(inherited)",
					"@executable_path/Frameworks",
				);
				PRODUCT_BUNDLE_IDENTIFIER = app.nishiwaki.sen.StopWatch;
				PRODUCT_NAME = "$(TARGET_NAME)";
				SWIFT_VERSION = 5.0;
				TARGETED_DEVICE_FAMILY = "1,2";
			};
			name = Debug;
		};
		334449DB25CD9BE400F8B959 /* Release */ = {
			isa = XCBuildConfiguration;
			buildSettings = {
				ASSETCATALOG_COMPILER_APPICON_NAME = AppIcon;
				ASSETCATALOG_COMPILER_GLOBAL_ACCENT_COLOR_NAME = AccentColor;
				CODE_SIGN_STYLE = Automatic;
				INFOPLIST_FILE = StopWatch/Info.plist;
				LD_RUNPATH_SEARCH_PATHS = (
					"$(inherited)",
					"@executable_path/Frameworks",
				);
				PRODUCT_BUNDLE_IDENTIFIER = app.nishiwaki.sen.StopWatch;
				PRODUCT_NAME = "$(TARGET_NAME)";
				SWIFT_VERSION = 5.0;
				TARGETED_DEVICE_FAMILY = "1,2";
			};
			name = Release;
		};
		334449DD25CD9BE400F8B959 /* Debug */ = {
			isa = XCBuildConfiguration;
			buildSettings = {
				ALWAYS_EMBED_SWIFT_STANDARD_LIBRARIES = YES;
				BUNDLE_LOADER = "$(TEST_HOST)";
				CODE_SIGN_STYLE = Automatic;
				INFOPLIST_FILE = StopWatchTests/Info.plist;
				IPHONEOS_DEPLOYMENT_TARGET = 14.3;
				LD_RUNPATH_SEARCH_PATHS = (
					"$(inherited)",
					"@executable_path/Frameworks",
					"@loader_path/Frameworks",
				);
				PRODUCT_BUNDLE_IDENTIFIER = app.nishiwaki.sen.StopWatchTests;
				PRODUCT_NAME = "$(TARGET_NAME)";
				SWIFT_VERSION = 5.0;
				TARGETED_DEVICE_FAMILY = "1,2";
				TEST_HOST = "$(BUILT_PRODUCTS_DIR)/StopWatch.app/StopWatch";
			};
			name = Debug;
		};
		334449DE25CD9BE400F8B959 /* Release */ = {
			isa = XCBuildConfiguration;
			buildSettings = {
				ALWAYS_EMBED_SWIFT_STANDARD_LIBRARIES = YES;
				BUNDLE_LOADER = "$(TEST_HOST)";
				CODE_SIGN_STYLE = Automatic;
				INFOPLIST_FILE = StopWatchTests/Info.plist;
				IPHONEOS_DEPLOYMENT_TARGET = 14.3;
				LD_RUNPATH_SEARCH_PATHS = (
					"$(inherited)",
					"@executable_path/Frameworks",
					"@loader_path/Frameworks",
				);
				PRODUCT_BUNDLE_IDENTIFIER = app.nishiwaki.sen.StopWatchTests;
				PRODUCT_NAME = "$(TARGET_NAME)";
				SWIFT_VERSION = 5.0;
				TARGETED_DEVICE_FAMILY = "1,2";
				TEST_HOST = "$(BUILT_PRODUCTS_DIR)/StopWatch.app/StopWatch";
			};
			name = Release;
		};
		334449E025CD9BE400F8B959 /* Debug */ = {
			isa = XCBuildConfiguration;
			buildSettings = {
				ALWAYS_EMBED_SWIFT_STANDARD_LIBRARIES = YES;
				CODE_SIGN_STYLE = Automatic;
				INFOPLIST_FILE = StopWatchUITests/Info.plist;
				LD_RUNPATH_SEARCH_PATHS = (
					"$(inherited)",
					"@executable_path/Frameworks",
					"@loader_path/Frameworks",
				);
				PRODUCT_BUNDLE_IDENTIFIER = app.nishiwaki.sen.StopWatchUITests;
				PRODUCT_NAME = "$(TARGET_NAME)";
				SWIFT_VERSION = 5.0;
				TARGETED_DEVICE_FAMILY = "1,2";
				TEST_TARGET_NAME = StopWatch;
			};
			name = Debug;
		};
		334449E125CD9BE400F8B959 /* Release */ = {
			isa = XCBuildConfiguration;
			buildSettings = {
				ALWAYS_EMBED_SWIFT_STANDARD_LIBRARIES = YES;
				CODE_SIGN_STYLE = Automatic;
				INFOPLIST_FILE = StopWatchUITests/Info.plist;
				LD_RUNPATH_SEARCH_PATHS = (
					"$(inherited)",
					"@executable_path/Frameworks",
					"@loader_path/Frameworks",
				);
				PRODUCT_BUNDLE_IDENTIFIER = app.nishiwaki.sen.StopWatchUITests;
				PRODUCT_NAME = "$(TARGET_NAME)";
				SWIFT_VERSION = 5.0;
				TARGETED_DEVICE_FAMILY = "1,2";
				TEST_TARGET_NAME = StopWatch;
			};
			name = Release;
		};
/* End XCBuildConfiguration section */

/* Begin XCConfigurationList section */
		334449AA25CD9BE200F8B959 /* Build configuration list for PBXProject "StopWatch" */ = {
			isa = XCConfigurationList;
			buildConfigurations = (
				334449D725CD9BE400F8B959 /* Debug */,
				334449D825CD9BE400F8B959 /* Release */,
			);
			defaultConfigurationIsVisible = 0;
			defaultConfigurationName = Release;
		};
		334449D925CD9BE400F8B959 /* Build configuration list for PBXNativeTarget "StopWatch" */ = {
			isa = XCConfigurationList;
			buildConfigurations = (
				334449DA25CD9BE400F8B959 /* Debug */,
				334449DB25CD9BE400F8B959 /* Release */,
			);
			defaultConfigurationIsVisible = 0;
			defaultConfigurationName = Release;
		};
		334449DC25CD9BE400F8B959 /* Build configuration list for PBXNativeTarget "StopWatchTests" */ = {
			isa = XCConfigurationList;
			buildConfigurations = (
				334449DD25CD9BE400F8B959 /* Debug */,
				334449DE25CD9BE400F8B959 /* Release */,
			);
			defaultConfigurationIsVisible = 0;
			defaultConfigurationName = Release;
		};
		334449DF25CD9BE400F8B959 /* Build configuration list for PBXNativeTarget "StopWatchUITests" */ = {
			isa = XCConfigurationList;
			buildConfigurations = (
				334449E025CD9BE400F8B959 /* Debug */,
				334449E125CD9BE400F8B959 /* Release */,
			);
			defaultConfigurationIsVisible = 0;
			defaultConfigurationName = Release;
		};
/* End XCConfigurationList section */
	};
	rootObject = 334449A725CD9BE200F8B959 /* Project object */;
}
